lockVersion: 2.0.0
id: 53c28128-5c38-4f41-bba4-e482fb33eb14
management:
  docChecksum: 75b50c455ce5517ceab0153ec898007f
  docVersion: "2.0"
  speakeasyVersion: 1.441.1
  generationVersion: 2.461.2
  releaseVersion: 1.30.1-rc.28
  configChecksum: f09f683a7fc27795f569615c4506584a
  repoURL: https://github.com/haroldorquesta/test-orq-typescript-client.git
  installationURL: https://github.com/haroldorquesta/test-orq-typescript-client
  published: true
features:
  typescript:
    acceptHeaders: 2.81.2
    additionalDependencies: 0.1.0
    constsAndDefaults: 0.1.11
    core: 3.18.6
    defaultEnabledRetries: 0.1.0
    devContainers: 2.90.0
    enumUnions: 0.1.0
    envVarSecurityUsage: 0.1.2
    flattening: 2.82.0
    globalSecurity: 2.82.11
    globalSecurityCallbacks: 0.1.0
    globalSecurityFlattening: 0.1.0
    globalServerURLs: 2.82.4
    groups: 2.81.2
    inputOutputModels: 2.82.0
    nameOverrides: 2.81.2
    nullables: 0.1.0
    operationTimeout: 0.2.0
    responseFormat: 0.2.3
    retries: 2.83.0
    sdkHooks: 0.2.0
    serverEvents: 0.1.5
    serverEventsSentinels: 0.1.0
    tests: 0.7.0
    unions: 2.85.8
    uploadStreams: 0.1.0
generatedFiles:
  - .devcontainer/README.md
  - .devcontainer/devcontainer.json
  - .devcontainer/setup.sh
  - .eslintrc.cjs
  - .gitattributes
  - .npmignore
  - CONTRIBUTING.md
  - FUNCTIONS.md
  - RUNTIMES.md
  - USAGE.md
  - docs/lib/utils/retryconfig.md
  - docs/models/components/content.md
  - docs/models/components/content2.md
  - docs/models/components/deployments.md
  - docs/models/components/deployments22.md
  - docs/models/components/deployments2messagescontenttype.md
  - docs/models/components/deployments2messagestype.md
  - docs/models/components/deployments2type.md
  - docs/models/components/deploymentscontent.md
  - docs/models/components/deploymentsfunction.md
  - docs/models/components/deploymentsrole.md
  - docs/models/components/deploymentstoolcalls.md
  - docs/models/components/deploymentstype.md
  - docs/models/components/functiont.md
  - docs/models/components/imageurl.md
  - docs/models/components/inputs.md
  - docs/models/components/invokeoptions.md
  - docs/models/components/messages.md
  - docs/models/components/one.md
  - docs/models/components/prefixmessages.md
  - docs/models/components/role.md
  - docs/models/components/security.md
  - docs/models/components/toolcalls.md
  - docs/models/components/two.md
  - docs/models/components/two1.md
  - docs/models/components/two2.md
  - docs/models/components/twoimageurl.md
  - docs/models/components/twotype.md
  - docs/models/components/type.md
  - docs/models/components/userid.md
  - docs/models/errors/honoapierror.md
  - docs/models/operations/apiversion.md
  - docs/models/operations/billedunits.md
  - docs/models/operations/bulkfileuploadfilespurpose.md
  - docs/models/operations/bulkfileuploadpurpose.md
  - docs/models/operations/bulkfileuploadrequestbody.md
  - docs/models/operations/choices.md
  - docs/models/operations/content.md
  - docs/models/operations/content2.md
  - docs/models/operations/createcontactrequestbody.md
  - docs/models/operations/createcontactresponsebody.md
  - docs/models/operations/createfeedbackrequestbody.md
  - docs/models/operations/createfeedbackresponsebody.md
  - docs/models/operations/createfeedbackvalue.md
  - docs/models/operations/data.md
  - docs/models/operations/deletev2deploymentsinvalidatedeploymentidrequest.md
  - docs/models/operations/delta.md
  - docs/models/operations/deploymentcreatemetric21.md
  - docs/models/operations/deploymentcreatemetric22.md
  - docs/models/operations/deploymentcreatemetric2deploymentsmetricstype.md
  - docs/models/operations/deploymentcreatemetric2imageurl.md
  - docs/models/operations/deploymentcreatemetric2type.md
  - docs/models/operations/deploymentcreatemetriccontent.md
  - docs/models/operations/deploymentcreatemetriccontent2.md
  - docs/models/operations/deploymentcreatemetricfunction.md
  - docs/models/operations/deploymentcreatemetricmessagedeploymentsmetricsrole.md
  - docs/models/operations/deploymentcreatemetricmessagerole.md
  - docs/models/operations/deploymentcreatemetricmessages.md
  - docs/models/operations/deploymentcreatemetricrequest.md
  - docs/models/operations/deploymentcreatemetricrequestbody.md
  - docs/models/operations/deploymentcreatemetricresponsebody.md
  - docs/models/operations/deploymentcreatemetricrole.md
  - docs/models/operations/deploymentcreatemetrictoolcalls.md
  - docs/models/operations/deploymentcreatemetrictype.md
  - docs/models/operations/deploymentgetconfig21.md
  - docs/models/operations/deploymentgetconfig22.md
  - docs/models/operations/deploymentgetconfig2deployments2.md
  - docs/models/operations/deploymentgetconfig2deploymentsresponse200type.md
  - docs/models/operations/deploymentgetconfig2deploymentsresponsetype.md
  - docs/models/operations/deploymentgetconfig2deploymentstype.md
  - docs/models/operations/deploymentgetconfig2imageurl.md
  - docs/models/operations/deploymentgetconfig2type.md
  - docs/models/operations/deploymentgetconfigcontent.md
  - docs/models/operations/deploymentgetconfigcontent2.md
  - docs/models/operations/deploymentgetconfigdeploymentscontent.md
  - docs/models/operations/deploymentgetconfigdeploymentsfunction.md
  - docs/models/operations/deploymentgetconfigdeploymentsresponse200applicationjsontype.md
  - docs/models/operations/deploymentgetconfigdeploymentsresponse200type.md
  - docs/models/operations/deploymentgetconfigdeploymentsresponsefunction.md
  - docs/models/operations/deploymentgetconfigdeploymentsresponsetype.md
  - docs/models/operations/deploymentgetconfigdeploymentsrole.md
  - docs/models/operations/deploymentgetconfigdeploymentstoolcalls.md
  - docs/models/operations/deploymentgetconfigdeploymentstype.md
  - docs/models/operations/deploymentgetconfigencodingformat.md
  - docs/models/operations/deploymentgetconfigfunction.md
  - docs/models/operations/deploymentgetconfigmessages.md
  - docs/models/operations/deploymentgetconfigparameters.md
  - docs/models/operations/deploymentgetconfigquality.md
  - docs/models/operations/deploymentgetconfigrequestbody.md
  - docs/models/operations/deploymentgetconfigresponsebody.md
  - docs/models/operations/deploymentgetconfigresponseformat.md
  - docs/models/operations/deploymentgetconfigresponseformattype.md
  - docs/models/operations/deploymentgetconfigrole.md
  - docs/models/operations/deploymentgetconfigtoolcalls.md
  - docs/models/operations/deploymentgetconfigtools.md
  - docs/models/operations/deploymentgetconfigtype.md
  - docs/models/operations/deploymentinvokechoices.md
  - docs/models/operations/deploymentinvokedeploymentschoices.md
  - docs/models/operations/deploymentinvokedeploymentsmessage.md
  - docs/models/operations/deploymentinvokedeploymentsresponsebody.md
  - docs/models/operations/deploymentinvokemessage.md
  - docs/models/operations/deploymentinvokemessage1.md
  - docs/models/operations/deploymentinvokemessage2.md
  - docs/models/operations/deploymentinvokemessage3.md
  - docs/models/operations/deploymentinvokemessagedeployments1.md
  - docs/models/operations/deploymentinvokemessagedeployments2.md
  - docs/models/operations/deploymentinvokemessagedeploymentsfunction.md
  - docs/models/operations/deploymentinvokemessagedeploymentsresponse200role.md
  - docs/models/operations/deploymentinvokemessagedeploymentsresponse200texteventstreamresponsebodyrole.md
  - docs/models/operations/deploymentinvokemessagedeploymentsresponse200texteventstreamrole.md
  - docs/models/operations/deploymentinvokemessagedeploymentsresponserole.md
  - docs/models/operations/deploymentinvokemessagedeploymentsrole.md
  - docs/models/operations/deploymentinvokemessagedeploymentstoolcalls.md
  - docs/models/operations/deploymentinvokemessagedeploymentstype.md
  - docs/models/operations/deploymentinvokemessagefunction.md
  - docs/models/operations/deploymentinvokemessagerole.md
  - docs/models/operations/deploymentinvokemessagetoolcalls.md
  - docs/models/operations/deploymentinvokemessagetype.md
  - docs/models/operations/deploymentinvokemetadata.md
  - docs/models/operations/deploymentinvokeobject.md
  - docs/models/operations/deploymentinvokeprovider.md
  - docs/models/operations/deploymentinvokeresponse.md
  - docs/models/operations/deploymentinvokeresponsebody.md
  - docs/models/operations/deploymentinvokeretrievals.md
  - docs/models/operations/deployments21.md
  - docs/models/operations/deployments22.md
  - docs/models/operations/deployments2deploymentstype.md
  - docs/models/operations/deployments2imageurl.md
  - docs/models/operations/deployments2type.md
  - docs/models/operations/deploymentscontent.md
  - docs/models/operations/deploymentscontent2.md
  - docs/models/operations/deploymentsdata.md
  - docs/models/operations/deploymentsdeploymentsfunction.md
  - docs/models/operations/deploymentsdeploymentsresponsetype.md
  - docs/models/operations/deploymentsdeploymentstype.md
  - docs/models/operations/deploymentsencodingformat.md
  - docs/models/operations/deploymentsformat.md
  - docs/models/operations/deploymentsfunction.md
  - docs/models/operations/deploymentsmessages.md
  - docs/models/operations/deploymentsobject.md
  - docs/models/operations/deploymentsparameters.md
  - docs/models/operations/deploymentsphotorealversion.md
  - docs/models/operations/deploymentsprovider.md
  - docs/models/operations/deploymentsquality.md
  - docs/models/operations/deploymentsrequest.md
  - docs/models/operations/deploymentsresponsebody.md
  - docs/models/operations/deploymentsresponseformat.md
  - docs/models/operations/deploymentsresponseformat1.md
  - docs/models/operations/deploymentsresponseformat2.md
  - docs/models/operations/deploymentsresponseformatdeploymentstype.md
  - docs/models/operations/deploymentsresponseformattype.md
  - docs/models/operations/deploymentsrole.md
  - docs/models/operations/deploymentstoolcalls.md
  - docs/models/operations/deploymentstools.md
  - docs/models/operations/deploymentstype.md
  - docs/models/operations/detail.md
  - docs/models/operations/document.md
  - docs/models/operations/documents.md
  - docs/models/operations/embedding.md
  - docs/models/operations/encodingformat.md
  - docs/models/operations/feedback.md
  - docs/models/operations/files.md
  - docs/models/operations/filet.md
  - docs/models/operations/fileuploadpurpose.md
  - docs/models/operations/fileuploadrequestbody.md
  - docs/models/operations/fileuploadresponsebody.md
  - docs/models/operations/finishreason.md
  - docs/models/operations/format.md
  - docs/models/operations/four.md
  - docs/models/operations/functiont.md
  - docs/models/operations/imageurl.md
  - docs/models/operations/input.md
  - docs/models/operations/inputs.md
  - docs/models/operations/invokeoptions.md
  - docs/models/operations/jsonschema.md
  - docs/models/operations/logprobs.md
  - docs/models/operations/message.md
  - docs/models/operations/message1.md
  - docs/models/operations/message2.md
  - docs/models/operations/message3.md
  - docs/models/operations/messagefunction.md
  - docs/models/operations/messagerole.md
  - docs/models/operations/messages.md
  - docs/models/operations/messages1.md
  - docs/models/operations/messages2.md
  - docs/models/operations/messages3.md
  - docs/models/operations/messagescontent.md
  - docs/models/operations/messagesfunction.md
  - docs/models/operations/messagesrole.md
  - docs/models/operations/messagestoolcalls.md
  - docs/models/operations/messagestype.md
  - docs/models/operations/messagetoolcalls.md
  - docs/models/operations/messagetype.md
  - docs/models/operations/meta.md
  - docs/models/operations/metadata.md
  - docs/models/operations/modelparameters.md
  - docs/models/operations/modeltype.md
  - docs/models/operations/objectt.md
  - docs/models/operations/one.md
  - docs/models/operations/parameterst.md
  - docs/models/operations/performance.md
  - docs/models/operations/photorealversion.md
  - docs/models/operations/prefixmessages.md
  - docs/models/operations/prompt.md
  - docs/models/operations/promptconfig.md
  - docs/models/operations/provider.md
  - docs/models/operations/purpose.md
  - docs/models/operations/quality.md
  - docs/models/operations/refusal.md
  - docs/models/operations/remoteconfigsgetconfigrequestbody.md
  - docs/models/operations/remoteconfigsgetconfigresponsebody.md
  - docs/models/operations/remoteconfigsgetconfigtype.md
  - docs/models/operations/responsebody.md
  - docs/models/operations/responsebody1.md
  - docs/models/operations/responsebody2.md
  - docs/models/operations/responsebodychoices.md
  - docs/models/operations/responsebodycontent.md
  - docs/models/operations/responsebodyfinishreason.md
  - docs/models/operations/responsebodyfunction.md
  - docs/models/operations/responsebodylogprobs.md
  - docs/models/operations/responsebodymessage.md
  - docs/models/operations/responsebodyrefusal.md
  - docs/models/operations/responsebodyrole.md
  - docs/models/operations/responsebodytoolcalls.md
  - docs/models/operations/responsebodytoplogprobs.md
  - docs/models/operations/responsebodytype.md
  - docs/models/operations/responsebodyusage.md
  - docs/models/operations/responseformat.md
  - docs/models/operations/responseformat1.md
  - docs/models/operations/responseformat2.md
  - docs/models/operations/responseformatjsonschema.md
  - docs/models/operations/responseformattype.md
  - docs/models/operations/results.md
  - docs/models/operations/retrievals.md
  - docs/models/operations/role.md
  - docs/models/operations/routerchatcompletions21.md
  - docs/models/operations/routerchatcompletions22.md
  - docs/models/operations/routerchatcompletions2detail.md
  - docs/models/operations/routerchatcompletions2imageurl.md
  - docs/models/operations/routerchatcompletions2routerchatcompletions1.md
  - docs/models/operations/routerchatcompletions2routerchatcompletions2.md
  - docs/models/operations/routerchatcompletions2routerchatcompletionsimageurl.md
  - docs/models/operations/routerchatcompletions2routerchatcompletionsrequest1.md
  - docs/models/operations/routerchatcompletions2routerchatcompletionsrequest2.md
  - docs/models/operations/routerchatcompletions2routerchatcompletionsrequestimageurl.md
  - docs/models/operations/routerchatcompletions2routerchatcompletionsrequestrequestbodymessages4type.md
  - docs/models/operations/routerchatcompletions2routerchatcompletionsrequestrequestbodymessagestype.md
  - docs/models/operations/routerchatcompletions2routerchatcompletionsrequestrequestbodytype.md
  - docs/models/operations/routerchatcompletions2routerchatcompletionsrequesttype.md
  - docs/models/operations/routerchatcompletions2routerchatcompletionstype.md
  - docs/models/operations/routerchatcompletions2type.md
  - docs/models/operations/routerchatcompletionscontent2.md
  - docs/models/operations/routerchatcompletionscontentrouterchatcompletions2.md
  - docs/models/operations/routerchatcompletionscontentrouterchatcompletionsrequest2.md
  - docs/models/operations/routerchatcompletionsfunction.md
  - docs/models/operations/routerchatcompletionsmessages.md
  - docs/models/operations/routerchatcompletionsmessagescontent.md
  - docs/models/operations/routerchatcompletionsmessagesrole.md
  - docs/models/operations/routerchatcompletionsmessagesrouterchatcompletionscontent.md
  - docs/models/operations/routerchatcompletionsmessagesrouterchatcompletionsrequestcontent.md
  - docs/models/operations/routerchatcompletionsmessagesrouterchatcompletionsrequestrole.md
  - docs/models/operations/routerchatcompletionsmessagesrouterchatcompletionsrole.md
  - docs/models/operations/routerchatcompletionsrequestbody.md
  - docs/models/operations/routerchatcompletionsresponse.md
  - docs/models/operations/routerchatcompletionsresponsebody.md
  - docs/models/operations/routerchatcompletionsresponsebodychoices.md
  - docs/models/operations/routerchatcompletionsresponsebodycontent.md
  - docs/models/operations/routerchatcompletionsresponsebodyfinishreason.md
  - docs/models/operations/routerchatcompletionsresponsebodyfunction.md
  - docs/models/operations/routerchatcompletionsresponsebodyrole.md
  - docs/models/operations/routerchatcompletionsresponsebodyrouterchatcompletionstoplogprobs.md
  - docs/models/operations/routerchatcompletionsresponsebodytoolcalls.md
  - docs/models/operations/routerchatcompletionsresponsebodytoplogprobs.md
  - docs/models/operations/routerchatcompletionsresponsebodytype.md
  - docs/models/operations/routerchatcompletionsresponsebodyusage.md
  - docs/models/operations/routerchatcompletionsrouterchatcompletionsresponsebody.md
  - docs/models/operations/routerchatcompletionsrouterchatcompletionstype.md
  - docs/models/operations/routerchatcompletionstype.md
  - docs/models/operations/routercompletionschoices.md
  - docs/models/operations/routercompletionsrequestbody.md
  - docs/models/operations/routercompletionsresponsebody.md
  - docs/models/operations/routercompletionsusage.md
  - docs/models/operations/routerembeddingdata.md
  - docs/models/operations/routerembeddingobject.md
  - docs/models/operations/routerembeddingrequestbody.md
  - docs/models/operations/routerembeddingresponsebody.md
  - docs/models/operations/routerembeddingrouterembeddingsobject.md
  - docs/models/operations/routerembeddingusage.md
  - docs/models/operations/routerimagegenerationschoices.md
  - docs/models/operations/routerimagegenerationsmessage.md
  - docs/models/operations/routerimagegenerationsmessage1.md
  - docs/models/operations/routerimagegenerationsmessage2.md
  - docs/models/operations/routerimagegenerationsmessage3.md
  - docs/models/operations/routerimagegenerationsmessagefunction.md
  - docs/models/operations/routerimagegenerationsmessagerole.md
  - docs/models/operations/routerimagegenerationsmessagerouterimagesresponserole.md
  - docs/models/operations/routerimagegenerationsmessagerouterimagesrole.md
  - docs/models/operations/routerimagegenerationsmessagetoolcalls.md
  - docs/models/operations/routerimagegenerationsmessagetype.md
  - docs/models/operations/routerimagegenerationsrequestbody.md
  - docs/models/operations/routerimagegenerationsresponsebody.md
  - docs/models/operations/routerrerankrequestbody.md
  - docs/models/operations/routerrerankresponsebody.md
  - docs/models/operations/size.md
  - docs/models/operations/stop.md
  - docs/models/operations/three.md
  - docs/models/operations/tokens.md
  - docs/models/operations/toolcalls.md
  - docs/models/operations/tools.md
  - docs/models/operations/toplogprobs.md
  - docs/models/operations/two.md
  - docs/models/operations/two1.md
  - docs/models/operations/two2.md
  - docs/models/operations/twodetail.md
  - docs/models/operations/twoimageurl.md
  - docs/models/operations/twotype.md
  - docs/models/operations/type.md
  - docs/models/operations/usage.md
  - docs/models/operations/userid.md
  - docs/models/operations/value.md
  - docs/sdks/chat/README.md
  - docs/sdks/completions/README.md
  - docs/sdks/contacts/README.md
  - docs/sdks/deployments/README.md
  - docs/sdks/embeddings/README.md
  - docs/sdks/feedback/README.md
  - docs/sdks/files/README.md
  - docs/sdks/images/README.md
  - docs/sdks/metrics/README.md
  - docs/sdks/orq/README.md
  - docs/sdks/orqcompletions/README.md
  - docs/sdks/public/README.md
  - docs/sdks/remoteconfig/README.md
  - docs/sdks/router/README.md
  - jsr.json
  - package.json
  - src/core.ts
  - src/funcs/contactsCreate2.ts
  - src/funcs/deploymentsAll.ts
  - src/funcs/deploymentsDeleteV2DeploymentsInvalidateDeploymentId.ts
  - src/funcs/deploymentsGetConfig.ts
  - src/funcs/deploymentsInvoke.ts
  - src/funcs/deploymentsMetricsCreate.ts
  - src/funcs/feedbackCreate.ts
  - src/funcs/filesBulkUpload.ts
  - src/funcs/filesUpload.ts
  - src/funcs/publicDeleteV2DeploymentsInvalidateDeploymentId.ts
  - src/funcs/remoteconfigGetConfig.ts
  - src/funcs/routerChatCompletionsCreate.ts
  - src/funcs/routerCompletionsCreate.ts
  - src/funcs/routerEmbeddingsCreate.ts
  - src/funcs/routerImagesGenerate.ts
  - src/funcs/routerRerank.ts
  - src/hooks/hooks.ts
  - src/hooks/index.ts
  - src/hooks/types.ts
  - src/index.ts
  - src/lib/base64.ts
  - src/lib/config.ts
  - src/lib/dlv.ts
  - src/lib/encodings.ts
  - src/lib/env.ts
  - src/lib/event-streams.ts
  - src/lib/files.ts
  - src/lib/http.ts
  - src/lib/is-plain-object.ts
  - src/lib/logger.ts
  - src/lib/matchers.ts
  - src/lib/primitives.ts
  - src/lib/retries.ts
  - src/lib/schemas.ts
  - src/lib/sdks.ts
  - src/lib/security.ts
  - src/lib/url.ts
  - src/models/components/deployments.ts
  - src/models/components/index.ts
  - src/models/components/security.ts
  - src/models/errors/honoapierror.ts
  - src/models/errors/httpclienterrors.ts
  - src/models/errors/index.ts
  - src/models/errors/sdkerror.ts
  - src/models/errors/sdkvalidationerror.ts
  - src/models/operations/bulkfileupload.ts
  - src/models/operations/createcontact.ts
  - src/models/operations/createfeedback.ts
  - src/models/operations/deletev2deploymentsinvalidatedeploymentid.ts
  - src/models/operations/deploymentcreatemetric.ts
  - src/models/operations/deploymentgetconfig.ts
  - src/models/operations/deploymentinvoke.ts
  - src/models/operations/deployments.ts
  - src/models/operations/fileupload.ts
  - src/models/operations/index.ts
  - src/models/operations/remoteconfigsgetconfig.ts
  - src/models/operations/routerchatcompletions.ts
  - src/models/operations/routercompletions.ts
  - src/models/operations/routerembedding.ts
  - src/models/operations/routerimagegenerations.ts
  - src/models/operations/routerrerank.ts
  - src/sdk/chat.ts
  - src/sdk/completions.ts
  - src/sdk/contacts.ts
  - src/sdk/deployments.ts
  - src/sdk/embeddings.ts
  - src/sdk/feedback.ts
  - src/sdk/files.ts
  - src/sdk/images.ts
  - src/sdk/index.ts
  - src/sdk/metrics.ts
  - src/sdk/orqcompletions.ts
  - src/sdk/public.ts
  - src/sdk/remoteconfig.ts
  - src/sdk/router.ts
  - src/sdk/sdk.ts
  - src/types/blobs.ts
  - src/types/constdatetime.ts
  - src/types/enums.ts
  - src/types/fp.ts
  - src/types/index.ts
  - src/types/operations.ts
  - src/types/rfcdate.ts
  - src/types/streams.ts
  - tsconfig.json
examples:
  post_/contacts:
    speakeasy-default-post-/contacts:
      requestBody:
        application/json: {"external_id": "<id>"}
      responses:
        "200":
          application/json: {"success": true}
  post_/feedback:
    "":
      requestBody:
        application/json: {"property": "rating", "value": ["good"], "trace_id": "67HTZ65Z9W91HSF51CW68KK1QH"}
      responses:
        "200":
          application/json: {"property": "<value>", "value": "<value>", "trace_id": "<id>", "id": "<id>"}
  post_/v2/deployments/get_config:
    speakeasy-default-post-/v2-/deployments/get-config:
      requestBody:
        application/json: {"key": "<key>"}
      responses:
        "200":
          application/json: {"id": "<id>", "provider": "<value>", "model": "Explorer", "version": "<value>", "messages": [{"role": "system", "content": "<value>"}, {"role": "user", "content": [{"type": "image_url", "image_url": {"url": "https://wobbly-harp.name"}}]}, {"role": "assistant", "content": [{"type": "text", "text": "<value>"}, {"type": "text", "text": "<value>"}]}]}
  post_/v2/deployments/invoke:
    speakeasy-default-post-/v2-/deployments/invoke:
      requestBody:
        application/json: {"key": "<key>"}
      responses:
        "200":
          application/json: {"id": "<id>", "created": "2023-09-30T20:46:04.314Z", "object": "chat", "model": "Accord", "provider": "google-ai", "is_final": true, "choices": []}
  post_/v2/deployments/{id}/metrics:
    speakeasy-default-post-/v2-/deployments/{id}/metrics:
      parameters:
        path:
          id: "<id>"
      responses:
        "200":
          application/json: {"code": "418.94", "success": true}
  post_/v2/files:
    speakeasy-default-post-/v2-/files:
      responses:
        "200":
          application/json: {"_id": "<id>", "object_name": "<value>", "purpose": "retrieval", "bytes": "587.72", "file_name": "example.file"}
  post_/v2/files/bulk:
    speakeasy-default-post-/v2-/files/bulk:
      requestBody:
        multipart/form-data: {"files": [], "purpose": "retrieval"}
      responses:
        "200":
          application/json: []
  post_/v2/router/embeddings:
    speakeasy-default-post-/v2-/router/embeddings:
      requestBody:
        application/json: {"input": "<value>", "model": "Accord"}
      responses:
        "200":
          application/json: {"object": "list", "data": [{"object": "embedding", "embedding": [], "index": "5011.00"}, {"object": "embedding", "embedding": "<value>", "index": "8076.69"}, {"object": "embedding", "embedding": [], "index": "5462.94"}], "model": "Taurus", "usage": {"prompt_tokens": "1442.96", "total_tokens": "8074.39"}}
  post_/v2/router/chat/completions:
    speakeasy-default-post-/v2-/router/chat/completions:
      requestBody:
        application/json: {"model": "Land Cruiser", "messages": [{"role": "tool", "tool_call_id": "<id>", "content": "<value>"}]}
      responses:
        "200":
          application/json: {"id": "<id>", "choices": [{"finish_reason": "length", "index": "1343.65", "message": {"content": "<value>", "refusal": "<value>", "tool_calls": [], "role": "correction"}, "logprobs": {"content": [{"token": "<value>", "logprob": "0.87", "bytes": [], "top_logprobs": []}, {"token": "<value>", "logprob": "7926.20", "bytes": ["5862.20", "7524.37", "9574.08"], "top_logprobs": [{"token": "<value>", "logprob": "2596.30", "bytes": []}]}, {"token": "<value>", "logprob": "2303.13", "bytes": [], "top_logprobs": []}], "refusal": [{"token": "<value>", "logprob": "1856.93", "bytes": [], "top_logprobs": []}]}}, {"finish_reason": "content_filter", "index": "3392.36", "message": {"content": "<value>", "refusal": "<value>", "tool_calls": [], "role": "tool"}, "logprobs": {"content": [{"token": "<value>", "logprob": "2006.64", "bytes": [], "top_logprobs": [{"token": "<value>", "logprob": "276.20", "bytes": ["5504.83", "9065.37"]}, {"token": "<value>", "logprob": "4522.24", "bytes": ["2597.72"]}]}, {"token": "<value>", "logprob": "7823.67", "bytes": [], "top_logprobs": [{"token": "<value>", "logprob": "9209.94", "bytes": ["7602.58", "2199.75", "4492.21"]}, {"token": "<value>", "logprob": "4278.87", "bytes": ["934.71", "4914.27"]}]}], "refusal": [{"token": "<value>", "logprob": "3254.63", "bytes": ["454.16", "1296.63", "2881.04"], "top_logprobs": [{"token": "<value>", "logprob": "5193.59", "bytes": ["4078.33"]}, {"token": "<value>", "logprob": "1012.51", "bytes": []}]}]}}], "created": "8133.97", "model": "Spyder", "system_fingerprint": "<value>", "object": "<value>"}
  post_/v2/router/completions:
    speakeasy-default-post-/v2-/router/completions:
      responses:
        "200":
          application/json: {"id": "<id>", "choices": [{"finish_reason": "stop", "index": "1168.96", "text": "<value>"}, {"finish_reason": "stop", "index": "7003.89", "text": "<value>"}], "created": "9961.28", "model": "Charger", "system_fingerprint": "<value>", "object": "<value>", "usage": {"completion_tokens": "3408.35", "prompt_tokens": "3824.96", "total_tokens": "8119.02"}}
  post_/v2/router/rerank:
    speakeasy-default-post-/v2-/router/rerank:
      responses:
        "200":
          application/json: {"results": [{"index": "4079.57", "relevance_score": "1009.11"}, {"index": "5824.08", "relevance_score": "5034.91"}]}
  post_/v2/router/images/generations:
    speakeasy-default-post-/v2-/router/images/generations:
      responses:
        "200":
          application/json: {"id": "<id>", "created": "2215.02", "choices": [{"index": "9621.64"}, {"index": "3627.94"}, {"index": "6464.02"}], "model": "Escalade", "object": "<value>"}
  post_/v2/resources/datasets:
    speakeasy-default-post-/v2-/resources/datasets:
      responses:
        "200":
          application/json: {"display_name": "Donato.Hilpert83", "domain_id": "2a7e968c-a8a9-4c77-a01c-48a11cd627aa"}
  get_/v2/resources/datasets:
    speakeasy-default-get-/v2-/resources/datasets:
      parameters:
        query:
          page: "1698.73"
          limit: "6833.85"
      responses:
        "200":
          application/json: {"count": "3905.93", "page": "7804.31", "limit": "3017.22", "totalPages": "2636.38", "items": [{"id": "305c2107-1d32-498a-a127-f1ac5342554e", "display_name": "Asa.McKenzie33", "domain_id": "5fdfa97b-b9b3-4fb0-b338-d1a92b03a0cc", "updated_by": {"id": "d44d058b-60cc-4e1f-bb6d-b5736abc4f35", "email": "Kip.Hudson85@yahoo.com", "display_name": "Daren49", "logo_url": "https://insecure-custody.org"}, "updated_by_id": "d308bfc9-6326-4e11-80fd-218041092786", "items": [{"id": "b95c5491-846b-43ef-997d-f7731cab8713", "messages": [{"role": "expected_output", "content": [{"type": "text", "text": "<value>"}]}]}]}, {"id": "410db1fc-f02e-4d8a-9fac-073f840f3c61", "display_name": "Tatyana13", "domain_id": "fed025c3-df6f-4abd-b58c-bc70aa969ff2", "updated_by": {"id": "92fd3188-b2d3-4cad-8a6c-c99159b98950", "email": "Lessie_Hauck@hotmail.com", "display_name": "Lue_Schuster41", "logo_url": "https://reasonable-wombat.com/"}, "updated_by_id": "2c0413f9-672c-4c1e-9512-bcbba48e4702", "items": [{"id": "b0208307-3d0a-4a9b-a14d-86ca4979bc2c", "messages": [{"role": "assistant", "content": []}]}, {"id": "9e8c3346-f974-4850-b74a-375245841b67", "messages": []}, {"id": "8b584160-8cbe-43c0-9785-04c0475b9630", "messages": [{"role": "expected_output", "content": [{"type": "text", "text": "<value>"}, {"type": "text", "text": "<value>"}, {"type": "text", "text": "<value>"}]}]}]}, {"id": "446ae8a5-12a7-46a1-90d6-9a256157f8be", "display_name": "Danyka55", "domain_id": "b0f52e3b-b1a5-4a78-a9b0-fe76c6cd3642", "updated_by": {"id": "ffa85fe1-4bd8-4233-b009-8ab1d86a6a7d", "email": "Raegan49@yahoo.com", "display_name": "Brandt34", "logo_url": "https://parched-luck.name"}, "updated_by_id": "24eb6c00-a611-415a-96f6-c401bf6d2aa0", "items": [{"id": "ae0d1427-dcec-4c0d-be29-4d4a7ba9208b", "messages": [{"role": "correction", "content": "<value>"}]}]}]}
  delete_/v2/resources/datasets/{dataset_id}:
    speakeasy-default-delete-/v2-/resources/datasets/{dataset-id}:
      parameters:
        path:
          dataset_id: "<id>"
  get_/v2/resources/datasets/{dataset_id}:
    speakeasy-default-get-/v2-/resources/datasets/{dataset-id}:
      parameters:
        path:
          dataset_id: "<id>"
      responses:
        "200":
          application/json: {"id": "c617ebfe-6608-44a0-b20e-5021751453b4", "display_name": "Annie72", "domain_id": "6af1184b-f020-4f87-80c0-07262e2e96bb", "updated_by": {"id": "abe24ad1-c2b9-4956-8e4e-e7729a6b5050", "email": "Golda78@hotmail.com", "display_name": "Arlene_Ferry53", "logo_url": "https://different-heartbeat.info/"}, "updated_by_id": "7b3f0fcb-a3b2-4318-8fa8-05855d353019", "items": [{"id": "e8fec165-8a17-4f61-83db-c4285032ace6", "messages": []}]}
        "404":
          application/json: {"message": "<value>"}
  patch_/v2/resources/datasets/{dataset_id}:
    speakeasy-default-patch-/v2-/resources/datasets/{dataset-id}:
      parameters:
        path:
          dataset_id: "<id>"
  post_/v2/resources/datasets/{dataset_id}/rows/bulk:
    speakeasy-default-post-/v2-/resources/datasets/{dataset-id}/rows/bulk:
      parameters:
        path:
          dataset_id: "<id>"
      requestBody:
        application/json: {"datasetRows": [{"messages": [{"role": "assistant", "content": "You are a helpful assistant.", "tool_calls": [{"id": "tool-id", "index": 0, "type": "function", "function": {"name": "some-function", "arguments": "some-args"}}]}]}]}
      responses:
        "200":
          application/json: [{"id": "uuid-string", "messages": [{"role": "assistant", "content": "You are a helpful assistant.", "tool_calls": [{"id": "tool-id", "index": 0, "type": "function", "function": {"name": "some-function", "arguments": "some-args"}}]}]}]
  delete_/v2/resources/datasets/{dataset_id}/rows/bulk:
    speakeasy-default-delete-/v2-/resources/datasets/{dataset-id}/rows/bulk:
      parameters:
        path:
          dataset_id: "<id>"
  post_/v2/resources/datasets/{dataset_id}/rows:
    speakeasy-default-post-/v2-/resources/datasets/{dataset-id}/rows:
      parameters:
        path:
          dataset_id: "<id>"
      responses:
        "200":
          application/json: {"id": "uuid-string", "messages": [{"role": "assistant", "content": "You are a helpful assistant.", "tool_calls": [{"id": "tool-id", "index": 0, "type": "function", "function": {"name": "some-function", "arguments": "some-args"}}]}]}
  get_/v2/resources/datasets/{dataset_id}/rows:
    speakeasy-default-get-/v2-/resources/datasets/{dataset-id}/rows:
      parameters:
        path:
          dataset_id: "<id>"
      responses:
        "200":
          application/json: {"count": "731.53", "page": "8393.45", "limit": "9494.82", "totalPages": "5036.10", "items": [{"id": "7a62452e-2e9a-4868-a91e-93369bfbf25a", "messages": []}, {"id": "5e6ee6b4-9787-48dd-b34c-9308954cf82b", "messages": [{"role": "exception", "content": [{"type": "image_url", "image_url": {"url": "https://considerate-bakeware.info/"}}]}]}]}
  delete_/v2/resources/datasets/{dataset_id}/rows/{row_id}:
    speakeasy-default-delete-/v2-/resources/datasets/{dataset-id}/rows/{row-id}:
      parameters:
        path:
          dataset_id: "<id>"
          row_id: "<id>"
  get_/v2/resources/datasets/{dataset_id}/rows/{row_id}:
    speakeasy-default-get-/v2-/resources/datasets/{dataset-id}/rows/{row-id}:
      parameters:
        path:
          dataset_id: "<id>"
          row_id: "<id>"
      responses:
        "200":
          application/json: {"id": "f4a7457c-11bc-4a78-b076-1b9ac35ff9fc", "messages": [{"role": "exception", "content": "<value>"}, {"role": "system", "content": [{"type": "text", "text": "<value>"}]}, {"role": "prompt", "content": []}]}
        "404":
          application/json: {"message": "<value>"}
  patch_/v2/resources/datasets/{dataset_id}/rows/{row_id}:
    speakeasy-default-patch-/v2-/resources/datasets/{dataset-id}/rows/{row-id}:
      parameters:
        path:
          dataset_id: "<id>"
          row_id: "<id>"
      responses:
        "200":
          application/json: {"messages": []}
  get_/v2/deployments:
    speakeasy-default-get-/v2-/deployments:
      responses:
        "200":
          application/json: {"object": "list", "data": [{"id": "c5a7fdb5-c79d-4ab9-a747-0c1e87dc1c30", "created": "<value>", "updated": "<value>", "key": "<key>", "description": "step-mother ah likewise parched how supposing unto midst", "prompt_config": {"tools": [{"type": "function", "function": {"name": "<value>", "parameters": {"type": "object", "properties": {"key": "<value>"}}}}, {"type": "function", "function": {"name": "<value>", "parameters": {"type": "object", "properties": {}}}}], "model": "Element", "model_type": "rerank", "provider": "leonardoai", "messages": [{"role": "system", "content": [{"type": "text", "text": "<value>"}, {"type": "text", "text": "<value>"}, {"type": "image_url", "image_url": {"url": "https://quixotic-suspension.info"}}]}, {"role": "system", "content": "<value>"}, {"role": "user", "content": []}]}, "version": "<value>"}, {"id": "debdd73f-22f9-496a-92b3-6e348cc7d35a", "created": "<value>", "updated": "<value>", "key": "<key>", "description": "taxicab nearly if think reluctantly", "prompt_config": {"tools": [], "model": "Element", "model_type": "completion", "provider": "openai", "messages": []}, "version": "<value>"}, {"id": "6dbc75ad-ce3a-48e9-bdf6-444671edb165", "created": "<value>", "updated": "<value>", "key": "<key>", "description": "sociable scrutinise while instruction furthermore horde upliftingly footrest", "prompt_config": {"tools": [], "model": "Malibu", "model_type": "vision", "provider": "azure", "messages": [{"role": "user", "content": "<value>"}]}, "version": "<value>"}], "has_more": true}
        "500":
          application/json: {"message": "<value>"}
  post_/v2/feedback:
    "":
      requestBody:
        application/json: {"property": "rating", "value": ["good"], "trace_id": "67HTZ65Z9W91HSF51CW68KK1QH"}
      responses:
        "200":
          application/json: {"property": "<value>", "value": "<value>", "trace_id": "<id>", "id": "<id>"}
  post_/v2/remoteconfigs:
    speakeasy-default-post-/v2-/remoteconfigs:
      responses:
        "200":
          application/json: {"type": "integer"}
  post_/v2/contacts:
    speakeasy-default-post-/v2-/contacts:
      requestBody:
        application/json: {"external_id": "<id>"}
      responses:
        "200":
          application/json: {"id": "<id>", "external_id": "<id>"}
  CreateContact:
    speakeasy-default-create-contact:
      requestBody:
        application/json: {"external_id": "<id>"}
      responses:
        "200":
          application/json: {"id": "<id>", "external_id": "<id>"}
  CreateFeedback:
    "":
      requestBody:
        application/json: {"property": "rating", "value": ["good"], "trace_id": "67HTZ65Z9W91HSF51CW68KK1QH"}
      responses:
        "200":
          application/json: {"property": "<value>", "value": "<value>", "trace_id": "<id>", "id": "<id>"}
  DeploymentGetConfig:
    speakeasy-default-deployment-get-config:
      requestBody:
        application/json: {"key": "<key>"}
      responses:
        "200":
          application/json: {"id": "<id>", "provider": "<value>", "model": "ATS", "version": "<value>", "messages": []}
  DeploymentInvoke:
    speakeasy-default-deployment-invoke:
      requestBody:
        application/json: {"key": "<key>"}
      responses:
        "200":
          application/json: {"id": "<id>", "created": "2023-02-27T07:01:10.482Z", "object": "completion", "model": "El Camino", "provider": "cohere", "is_final": false, "choices": [{"index": "1729.12"}, {"index": "3047.15"}]}
  DeploymentCreateMetric:
    speakeasy-default-deployment-create-metric:
      parameters:
        path:
          id: "<id>"
      responses:
        "200":
          application/json: {"code": "5542.60", "success": true}
  DeploymentList:
    speakeasy-default-deployment-list:
      responses:
        "200":
          application/json: {"object": "list", "data": [{"id": "8a232aa0-b11b-48a0-8057-1e9e705d0e6e", "created": "<value>", "updated": "<value>", "key": "<key>", "description": "brook cleverly blossom", "prompt_config": {"tools": [{"type": "function", "function": {"name": "<value>", "parameters": {"type": "object", "properties": {"key": "<value>", "key1": "<value>"}}}}, {"type": "function", "function": {"name": "<value>", "parameters": {"type": "object", "properties": {"key": "<value>", "key1": "<value>", "key2": "<value>"}}}}], "model": "Prius", "model_type": "rerank", "provider": "openai", "messages": []}, "version": "<value>"}, {"id": "1dc2a4c8-104f-4b45-91a7-0cfc8fe07fbc", "created": "<value>", "updated": "<value>", "key": "<key>", "description": "inasmuch irritably finally", "prompt_config": {"tools": [], "model": "Camaro", "model_type": "chat", "provider": "perplexity", "messages": [{"role": "exception", "content": []}, {"role": "exception", "content": [{"type": "text", "text": "<value>"}, {"type": "image_url", "image_url": {"url": "https://parched-merit.com/"}}, {"type": "text", "text": "<value>"}]}, {"role": "tool", "content": "<value>"}]}, "version": "<value>"}, {"id": "ebd834b7-d8c2-4236-be08-5944ebceb27b", "created": "<value>", "updated": "<value>", "key": "<key>", "description": "along energetic oddball pasta thread", "prompt_config": {"tools": [], "model": "Element", "model_type": "image", "provider": "cohere", "messages": [{"role": "assistant", "content": [{"type": "text", "text": "<value>"}, {"type": "text", "text": "<value>"}]}, {"role": "expected_output", "content": "<value>"}]}, "version": "<value>"}], "has_more": false}
        "500":
          application/json: {"message": "<value>"}
  FileUpload:
    speakeasy-default-file-upload:
      responses:
        "200":
          application/json: {"_id": "<id>", "object_name": "<value>", "purpose": "retrieval", "bytes": "4036.54", "file_name": "example.file"}
  FileBulkUpload:
    speakeasy-default-file-bulk-upload:
      requestBody:
        multipart/form-data: {"files": [{}], "purpose": "retrieval"}
      responses:
        "200":
          application/json: [{"_id": "<id>", "object_name": "<value>", "purpose": "retrieval", "bytes": "4883.89", "file_name": "example.file"}, {"_id": "<id>", "object_name": "<value>", "purpose": "retrieval", "bytes": "9335.52", "file_name": "example.file"}, {"_id": "<id>", "object_name": "<value>", "purpose": "retrieval", "bytes": "561.36", "file_name": "example.file"}]
  Rerank:
    speakeasy-default-rerank:
      responses:
        "200":
          application/json: {"results": [{"index": "1967.56", "relevance_score": "3138.23"}, {"index": "5345.26", "relevance_score": "8653.00"}, {"index": "4463.38", "relevance_score": "1381.46"}]}
  CreateEmbeddings:
    speakeasy-default-create-embeddings:
      requestBody:
        application/json: {"input": "<value>", "model": "LeBaron"}
      responses:
        "200":
          application/json: {"object": "list", "data": [{"object": "embedding", "embedding": [], "index": "7964.74"}], "model": "Wrangler", "usage": {"prompt_tokens": "0.87", "total_tokens": "1697.27"}}
  CreateChatCompletions:
    speakeasy-default-create-chat-completions:
      requestBody:
        application/json: {"model": "Fiesta", "messages": [{"role": "user", "content": "<value>"}, {"role": "system", "content": [{"type": "text", "text": "<value>"}, {"type": "text", "text": "<value>"}, {"type": "text", "text": "<value>"}]}]}
      responses:
        "200":
          application/json: {"id": "<id>", "choices": [{"finish_reason": "length", "index": "1343.65", "message": {"content": "<value>", "refusal": "<value>", "tool_calls": [], "role": "correction"}, "logprobs": {"content": [{"token": "<value>", "logprob": "0.87", "bytes": [], "top_logprobs": []}, {"token": "<value>", "logprob": "7926.20", "bytes": ["5862.20", "7524.37", "9574.08"], "top_logprobs": [{"token": "<value>", "logprob": "2596.30", "bytes": []}]}, {"token": "<value>", "logprob": "2303.13", "bytes": [], "top_logprobs": []}], "refusal": [{"token": "<value>", "logprob": "1856.93", "bytes": [], "top_logprobs": []}]}}, {"finish_reason": "content_filter", "index": "3392.36", "message": {"content": "<value>", "refusal": "<value>", "tool_calls": [], "role": "tool"}, "logprobs": {"content": [{"token": "<value>", "logprob": "2006.64", "bytes": [], "top_logprobs": [{"token": "<value>", "logprob": "276.20", "bytes": ["5504.83", "9065.37"]}, {"token": "<value>", "logprob": "4522.24", "bytes": ["2597.72"]}]}, {"token": "<value>", "logprob": "7823.67", "bytes": [], "top_logprobs": [{"token": "<value>", "logprob": "9209.94", "bytes": ["7602.58", "2199.75", "4492.21"]}, {"token": "<value>", "logprob": "4278.87", "bytes": ["934.71", "4914.27"]}]}], "refusal": [{"token": "<value>", "logprob": "3254.63", "bytes": ["454.16", "1296.63", "2881.04"], "top_logprobs": [{"token": "<value>", "logprob": "5193.59", "bytes": ["4078.33"]}, {"token": "<value>", "logprob": "1012.51", "bytes": []}]}]}}], "created": "8133.97", "model": "Spyder", "system_fingerprint": "<value>", "object": "<value>"}
  CreateCompletions:
    speakeasy-default-create-completions:
      responses:
        "200":
          application/json: {"id": "<id>", "choices": [{"finish_reason": "content_filter", "index": "4174.58", "text": "<value>"}], "created": "1343.65", "model": "A8", "system_fingerprint": "<value>", "object": "<value>"}
  ImageGenerations:
    speakeasy-default-image-generations:
      responses:
        "200":
          application/json: {"id": "<id>", "created": "7401.98", "choices": [{"index": "3310.48"}], "model": "Challenger", "object": "<value>"}
  RemoteConfigsGetConfig:
    speakeasy-default-remote-configs-get-config:
      responses:
        "200":
          application/json: {"type": "boolean"}
  Deployments:
    speakeasy-default-deployments:
      responses:
        "200":
          application/json: {"object": "list", "data": [{"id": "8a232aa0-b11b-48a0-8057-1e9e705d0e6e", "created": "<value>", "updated": "<value>", "key": "<key>", "description": "brook cleverly blossom", "prompt_config": {"tools": [{"type": "function", "function": {"name": "<value>", "parameters": {"type": "object", "properties": {"key": "<value>", "key1": "<value>"}}}}, {"type": "function", "function": {"name": "<value>", "parameters": {"type": "object", "properties": {"key": "<value>", "key1": "<value>", "key2": "<value>"}}}}], "model": "Prius", "model_type": "rerank", "provider": "openai", "messages": []}, "version": "<value>"}, {"id": "1dc2a4c8-104f-4b45-91a7-0cfc8fe07fbc", "created": "<value>", "updated": "<value>", "key": "<key>", "description": "inasmuch irritably finally", "prompt_config": {"tools": [], "model": "Camaro", "model_type": "chat", "provider": "perplexity", "messages": [{"role": "exception", "content": []}, {"role": "exception", "content": [{"type": "text", "text": "<value>"}, {"type": "image_url", "image_url": {"url": "https://parched-merit.com/"}}, {"type": "text", "text": "<value>"}]}, {"role": "tool", "content": "<value>"}]}, "version": "<value>"}, {"id": "ebd834b7-d8c2-4236-be08-5944ebceb27b", "created": "<value>", "updated": "<value>", "key": "<key>", "description": "along energetic oddball pasta thread", "prompt_config": {"tools": [], "model": "Element", "model_type": "image", "provider": "cohere", "messages": [{"role": "assistant", "content": [{"type": "text", "text": "<value>"}, {"type": "text", "text": "<value>"}]}, {"role": "expected_output", "content": "<value>"}]}, "version": "<value>"}], "has_more": false}
        "500":
          application/json: {"message": "<value>"}
  BulkFileUpload:
    speakeasy-default-bulk-file-upload:
      requestBody:
        multipart/form-data: {"files": [{}], "purpose": "retrieval"}
      responses:
        "200":
          application/json: [{"_id": "<id>", "object_name": "<value>", "purpose": "retrieval", "bytes": "4883.89", "file_name": "example.file"}, {"_id": "<id>", "object_name": "<value>", "purpose": "retrieval", "bytes": "9335.52", "file_name": "example.file"}, {"_id": "<id>", "object_name": "<value>", "purpose": "retrieval", "bytes": "561.36", "file_name": "example.file"}]
  RouterRerank:
    speakeasy-default-router-rerank:
      responses:
        "200":
          application/json: {"results": [{"index": "1967.56", "relevance_score": "3138.23"}, {"index": "5345.26", "relevance_score": "8653.00"}, {"index": "4463.38", "relevance_score": "1381.46"}]}
  RouterEmbedding:
    speakeasy-default-router-embedding:
      requestBody:
        application/json: {"input": "<value>", "model": "LeBaron"}
      responses:
        "200":
          application/json: {"object": "list", "data": [{"object": "embedding", "embedding": [], "index": "7964.74"}], "model": "Wrangler", "usage": {"prompt_tokens": "0.87", "total_tokens": "1697.27"}}
  RouterChatCompletions:
    speakeasy-default-router-chat-completions:
      requestBody:
        application/json: {"model": "Fiesta", "messages": [{"role": "user", "content": "<value>"}, {"role": "system", "content": [{"type": "text", "text": "<value>"}, {"type": "text", "text": "<value>"}, {"type": "text", "text": "<value>"}]}]}
      responses:
        "200":
          application/json: {"id": "<id>", "choices": [{"finish_reason": "length", "index": "1343.65", "message": {"content": "<value>", "refusal": "<value>", "tool_calls": [], "role": "correction"}, "logprobs": {"content": [{"token": "<value>", "logprob": "0.87", "bytes": [], "top_logprobs": []}, {"token": "<value>", "logprob": "7926.20", "bytes": ["5862.20", "7524.37", "9574.08"], "top_logprobs": [{"token": "<value>", "logprob": "2596.30", "bytes": []}]}, {"token": "<value>", "logprob": "2303.13", "bytes": [], "top_logprobs": []}], "refusal": [{"token": "<value>", "logprob": "1856.93", "bytes": [], "top_logprobs": []}]}}, {"finish_reason": "content_filter", "index": "3392.36", "message": {"content": "<value>", "refusal": "<value>", "tool_calls": [], "role": "tool"}, "logprobs": {"content": [{"token": "<value>", "logprob": "2006.64", "bytes": [], "top_logprobs": [{"token": "<value>", "logprob": "276.20", "bytes": ["5504.83", "9065.37"]}, {"token": "<value>", "logprob": "4522.24", "bytes": ["2597.72"]}]}, {"token": "<value>", "logprob": "7823.67", "bytes": [], "top_logprobs": [{"token": "<value>", "logprob": "9209.94", "bytes": ["7602.58", "2199.75", "4492.21"]}, {"token": "<value>", "logprob": "4278.87", "bytes": ["934.71", "4914.27"]}]}], "refusal": [{"token": "<value>", "logprob": "3254.63", "bytes": ["454.16", "1296.63", "2881.04"], "top_logprobs": [{"token": "<value>", "logprob": "5193.59", "bytes": ["4078.33"]}, {"token": "<value>", "logprob": "1012.51", "bytes": []}]}]}}], "created": "8133.97", "model": "Spyder", "system_fingerprint": "<value>", "object": "<value>"}
  RouterCompletions:
    speakeasy-default-router-completions:
      responses:
        "200":
          application/json: {"id": "<id>", "choices": [{"finish_reason": "content_filter", "index": "4174.58", "text": "<value>"}], "created": "1343.65", "model": "A8", "system_fingerprint": "<value>", "object": "<value>"}
  RouterImageGenerations:
    speakeasy-default-router-image-generations:
      responses:
        "200":
          application/json: {"id": "<id>", "created": "7401.98", "choices": [{"index": "3310.48"}], "model": "Challenger", "object": "<value>"}
  delete_/v2/deployments/invalidate/{deployment_id}:
    speakeasy-default-delete-/v2-/deployments/invalidate/{deployment-id}:
      parameters:
        path:
          deployment_id: "2f8f323e-7a21-40c4-8729-612ffe6e2dcb"
