speakeasyVersion: 1.421.2
sources:
    orq-OAS:
        sourceNamespace: orq-oas
        sourceRevisionDigest: sha256:9f7de918a983413c3b27b3c578ca1d389fdf03dac12e28f1565bc61f7de7ef49
        sourceBlobDigest: sha256:f2a87d84eb305d4875efae691496ef523d1c59d0ecadc4d5b6ce54b387cc2ab5
        tags:
            - latest
            - main
targets:
    orq:
        source: orq-OAS
        sourceNamespace: orq-oas
        sourceRevisionDigest: sha256:9f7de918a983413c3b27b3c578ca1d389fdf03dac12e28f1565bc61f7de7ef49
        sourceBlobDigest: sha256:f2a87d84eb305d4875efae691496ef523d1c59d0ecadc4d5b6ce54b387cc2ab5
workflow:
    workflowVersion: 1.0.0
    speakeasyVersion: latest
    sources:
        orq-OAS:
            inputs:
                - location: https://raw.githubusercontent.com/haroldorquesta/test-orq-typescript-client/refs/heads/main/openapi.json
            registry:
                location: registry.speakeasyapi.dev/orq/orq/orq-oas
    targets:
        orq:
            target: typescript
            source: orq-OAS
            publish:
                npm:
                    token: $npm_token
