speakeasyVersion: 1.439.0
sources:
    orq-OAS:
        sourceNamespace: orq-oas
        sourceRevisionDigest: sha256:0db14b69432d95f35225bd1d56c2776f2e813aef4227c3d0f8f2f565c72fc098
        sourceBlobDigest: sha256:779c979eef46f2c5c8175383bc276eafda719ddaaebf6cc1a17ae9223755704b
        tags:
            - latest
            - main
targets:
    orq:
        source: orq-OAS
        sourceNamespace: orq-oas
        sourceRevisionDigest: sha256:0db14b69432d95f35225bd1d56c2776f2e813aef4227c3d0f8f2f565c72fc098
        sourceBlobDigest: sha256:779c979eef46f2c5c8175383bc276eafda719ddaaebf6cc1a17ae9223755704b
        codeSamplesNamespace: orq-oas-code-samples
        codeSamplesRevisionDigest: sha256:2a38d3f07f8dfdbd9548ce7172d9bf968ff88bf23ff0e7d840e3ec17fe191e2f
workflow:
    workflowVersion: 1.0.0
    speakeasyVersion: latest
    sources:
        orq-OAS:
            inputs:
                - location: https://raw.githubusercontent.com/haroldorquesta/test-orq-typescript-client/refs/heads/main/openapi.json
            overlays:
                - location: https://raw.githubusercontent.com/haroldorquesta/test-orq-typescript-client/refs/heads/main/openapi-overlay.yaml
            registry:
                location: registry.speakeasyapi.dev/orq/orq/orq-oas
    targets:
        orq:
            target: typescript
            source: orq-OAS
            publish:
                npm:
                    token: $npm_token
            codeSamples:
                registry:
                    location: registry.speakeasyapi.dev/orq/orq/orq-oas-code-samples
                blocking: false
